
Microsoft Visual Studio Solution File, Format Version 12.00
# Visual Studio 2013
VisualStudioVersion = 12.0.30501.0
MinimumVisualStudioVersion = 10.0.40219.1
Project("{FAE04EC0-301F-11D3-BF4B-00C04F79EFBC}") = "ConvertInfo", "..\ConvertInfo\ConvertInfo.csproj", "{520F925D-2EF3-4732-83B3-227404A8E149}"
	ProjectSection(ProjectDependencies) = postProject
		{220CDF69-8FEC-431D-A798-8C084193511A} = {220CDF69-8FEC-431D-A798-8C084193511A}
	EndProjectSection
EndProject
Project("{2150E333-8FDC-42A3-9474-1A3956D46DE8}") = "1.gfVehicleLibrary", "1.gfVehicleLibrary", "{23891991-FE0B-4E2D-A057-65A675F4BEC6}"
EndProject
Project("{2150E333-8FDC-42A3-9474-1A3956D46DE8}") = "2.Core", "2.Core", "{1D6B787E-5AD4-4418-8701-3152938452A1}"
EndProject
Project("{FAE04EC0-301F-11D3-BF4B-00C04F79EFBC}") = "ProcessManage", "..\ProcessManage\ProcessManage.csproj", "{FB055D44-1978-489D-A23F-7CC4A4FFE631}"
	ProjectSection(ProjectDependencies) = postProject
		{82C13601-9605-488A-B889-36EE0FF4DF7B} = {82C13601-9605-488A-B889-36EE0FF4DF7B}
		{EEAAFE06-2813-44B5-854C-D2B9EF4829E2} = {EEAAFE06-2813-44B5-854C-D2B9EF4829E2}
		{220CDF69-8FEC-431D-A798-8C084193511A} = {220CDF69-8FEC-431D-A798-8C084193511A}
	EndProjectSection
EndProject
Project("{2150E333-8FDC-42A3-9474-1A3956D46DE8}") = "5.Log", "5.Log", "{CCB4E3F6-7E05-41DC-A476-2AF9C984E477}"
EndProject
Project("{2150E333-8FDC-42A3-9474-1A3956D46DE8}") = "3.VehicleForNetProtocal", "3.VehicleForNetProtocal", "{C28F8A28-3C09-465F-9E02-E7DD8090489E}"
EndProject
Project("{FAE04EC0-301F-11D3-BF4B-00C04F79EFBC}") = "VehicleNetBase", "..\VehicleNetBase\VehicleNetBase.csproj", "{EEAAFE06-2813-44B5-854C-D2B9EF4829E2}"
	ProjectSection(ProjectDependencies) = postProject
		{220CDF69-8FEC-431D-A798-8C084193511A} = {220CDF69-8FEC-431D-A798-8C084193511A}
	EndProjectSection
EndProject
Project("{FAE04EC0-301F-11D3-BF4B-00C04F79EFBC}") = "VehicleForNetWebServices", "..\VehicleForNet\VehicleForNet\VehicleForNetWebServices.csproj", "{82C13601-9605-488A-B889-36EE0FF4DF7B}"
	ProjectSection(ProjectDependencies) = postProject
		{EEAAFE06-2813-44B5-854C-D2B9EF4829E2} = {EEAAFE06-2813-44B5-854C-D2B9EF4829E2}
		{520F925D-2EF3-4732-83B3-227404A8E149} = {520F925D-2EF3-4732-83B3-227404A8E149}
		{220CDF69-8FEC-431D-A798-8C084193511A} = {220CDF69-8FEC-431D-A798-8C084193511A}
	EndProjectSection
EndProject
Project("{2150E333-8FDC-42A3-9474-1A3956D46DE8}") = "4.VehicleForIYASAKA", "4.VehicleForIYASAKA", "{F8D779ED-8B16-4EAC-A1BE-41844818F5C6}"
EndProject
Project("{FAE04EC0-301F-11D3-BF4B-00C04F79EFBC}") = "VehicleForIYASAKA", "..\VehicleForIYASAKA\VehicleForIYASAKA.csproj", "{B3348A7F-2738-49DC-BE33-B886A9341B74}"
	ProjectSection(ProjectDependencies) = postProject
		{82C13601-9605-488A-B889-36EE0FF4DF7B} = {82C13601-9605-488A-B889-36EE0FF4DF7B}
		{FB055D44-1978-489D-A23F-7CC4A4FFE631} = {FB055D44-1978-489D-A23F-7CC4A4FFE631}
		{520F925D-2EF3-4732-83B3-227404A8E149} = {520F925D-2EF3-4732-83B3-227404A8E149}
		{220CDF69-8FEC-431D-A798-8C084193511A} = {220CDF69-8FEC-431D-A798-8C084193511A}
	EndProjectSection
EndProject
Project("{2150E333-8FDC-42A3-9474-1A3956D46DE8}") = "AJ", "AJ", "{DB574D47-83E5-488D-BD73-A54AD67F29B8}"
EndProject
Project("{2150E333-8FDC-42A3-9474-1A3956D46DE8}") = "PF", "PF", "{B9F16165-7112-4820-ABAA-678B62EC1B4E}"
EndProject
Project("{FAE04EC0-301F-11D3-BF4B-00C04F79EFBC}") = "gfVehicleLibraryAJ", "..\gfVehicleLibrary\AJ\gfVehicleLibraryAJ.csproj", "{220CDF69-8FEC-431D-A798-8C084193511A}"
EndProject
Project("{FAE04EC0-301F-11D3-BF4B-00C04F79EFBC}") = "gfVehicleLibraryPF", "..\gfVehicleLibrary\PF\gfVehicleLibraryPF.csproj", "{33EC2815-ACBD-40C3-BA35-02999162D780}"
EndProject
Project("{FAE04EC0-301F-11D3-BF4B-00C04F79EFBC}") = "VehicleForNetSocket", "..\VehiceForNetSocket\VehicleForNetSocket.csproj", "{3287D97E-8191-42E5-8892-6A6830F278F0}"
EndProject
Project("{FAE04EC0-301F-11D3-BF4B-00C04F79EFBC}") = "LogHelper", "..\LogHelper\LogHelper.csproj", "{351148F1-2312-46C6-8CCF-CC297862ABBE}"
EndProject
Project("{2150E333-8FDC-42A3-9474-1A3956D46DE8}") = "6.AJNetDll", "6.AJNetDll", "{70D3C5E1-98FE-406D-890B-51A380A00BD3}"
EndProject
Project("{2150E333-8FDC-42A3-9474-1A3956D46DE8}") = "RZLD", "RZLD", "{2ACC1CAD-2949-4F37-8543-3C4C8703267B}"
EndProject
Project("{FAE04EC0-301F-11D3-BF4B-00C04F79EFBC}") = "AJNetDll", "..\AJNetDll\RZLD\AJNetDll.csproj", "{D3096174-B8BA-4450-B4FB-DF8B391087A5}"
EndProject
Project("{2150E333-8FDC-42A3-9474-1A3956D46DE8}") = "ZJ", "ZJ", "{817BA1AD-FDDB-40FB-AF22-90791255FA02}"
EndProject
Project("{FAE04EC0-301F-11D3-BF4B-00C04F79EFBC}") = "gfVehicleLibraryZJ", "..\gfVehicleLibrary\ZJ\gfVehicleLibraryZJ.csproj", "{0E1B2422-C92C-4EE7-B115-5D16C18C81F4}"
EndProject
Project("{FAE04EC0-301F-11D3-BF4B-00C04F79EFBC}") = "AJNetLib", "..\AJNetDll\AJNetLib\AJNetLib.csproj", "{3525166C-0095-400B-898B-BD69A6251A0B}"
EndProject
Project("{2150E333-8FDC-42A3-9474-1A3956D46DE8}") = "AJNetLib", "AJNetLib", "{C4396212-99E5-4D09-8FDF-7AFBDB1CFD43}"
EndProject
Project("{2150E333-8FDC-42A3-9474-1A3956D46DE8}") = "WNDL", "WNDL", "{04A31C74-ADE9-49F8-BB24-D0357D75D871}"
EndProject
Project("{FAE04EC0-301F-11D3-BF4B-00C04F79EFBC}") = "AJNetDll", "..\AJNetDll\WNDL\AJNetDll\AJNetDll.csproj", "{0EC950C1-41B7-452E-A3F3-3CA64DDE8059}"
EndProject
Project("{2150E333-8FDC-42A3-9474-1A3956D46DE8}") = "BJXY", "BJXY", "{D1A908EE-2220-4987-BF17-ACB0698A6A61}"
EndProject
Global
	GlobalSection(SolutionConfigurationPlatforms) = preSolution
		BJXY|Any CPU = BJXY|Any CPU
		Debug|Any CPU = Debug|Any CPU
		Release|Any CPU = Release|Any CPU
		RZLD|Any CPU = RZLD|Any CPU
		SXDLHS|Any CPU = SXDLHS|Any CPU
	EndGlobalSection
	GlobalSection(ProjectConfigurationPlatforms) = postSolution
		{520F925D-2EF3-4732-83B3-227404A8E149}.BJXY|Any CPU.ActiveCfg = BJXY|Any CPU
		{520F925D-2EF3-4732-83B3-227404A8E149}.BJXY|Any CPU.Build.0 = BJXY|Any CPU
		{520F925D-2EF3-4732-83B3-227404A8E149}.Debug|Any CPU.ActiveCfg = Debug|Any CPU
		{520F925D-2EF3-4732-83B3-227404A8E149}.Debug|Any CPU.Build.0 = Debug|Any CPU
		{520F925D-2EF3-4732-83B3-227404A8E149}.Release|Any CPU.ActiveCfg = Release|Any CPU
		{520F925D-2EF3-4732-83B3-227404A8E149}.Release|Any CPU.Build.0 = Release|Any CPU
		{520F925D-2EF3-4732-83B3-227404A8E149}.RZLD|Any CPU.ActiveCfg = RZLD|Any CPU
		{520F925D-2EF3-4732-83B3-227404A8E149}.RZLD|Any CPU.Build.0 = RZLD|Any CPU
		{520F925D-2EF3-4732-83B3-227404A8E149}.SXDLHS|Any CPU.ActiveCfg = SXLDHS|Any CPU
		{520F925D-2EF3-4732-83B3-227404A8E149}.SXDLHS|Any CPU.Build.0 = SXLDHS|Any CPU
		{FB055D44-1978-489D-A23F-7CC4A4FFE631}.BJXY|Any CPU.ActiveCfg = BJXY|Any CPU
		{FB055D44-1978-489D-A23F-7CC4A4FFE631}.BJXY|Any CPU.Build.0 = BJXY|Any CPU
		{FB055D44-1978-489D-A23F-7CC4A4FFE631}.Debug|Any CPU.ActiveCfg = Debug|Any CPU
		{FB055D44-1978-489D-A23F-7CC4A4FFE631}.Debug|Any CPU.Build.0 = Debug|Any CPU
		{FB055D44-1978-489D-A23F-7CC4A4FFE631}.Release|Any CPU.ActiveCfg = Release|Any CPU
		{FB055D44-1978-489D-A23F-7CC4A4FFE631}.Release|Any CPU.Build.0 = Release|Any CPU
		{FB055D44-1978-489D-A23F-7CC4A4FFE631}.RZLD|Any CPU.ActiveCfg = RZLD|Any CPU
		{FB055D44-1978-489D-A23F-7CC4A4FFE631}.RZLD|Any CPU.Build.0 = RZLD|Any CPU
		{FB055D44-1978-489D-A23F-7CC4A4FFE631}.SXDLHS|Any CPU.ActiveCfg = SXLDHS|Any CPU
		{FB055D44-1978-489D-A23F-7CC4A4FFE631}.SXDLHS|Any CPU.Build.0 = SXLDHS|Any CPU
		{EEAAFE06-2813-44B5-854C-D2B9EF4829E2}.BJXY|Any CPU.ActiveCfg = BJXY|Any CPU
		{EEAAFE06-2813-44B5-854C-D2B9EF4829E2}.BJXY|Any CPU.Build.0 = BJXY|Any CPU
		{EEAAFE06-2813-44B5-854C-D2B9EF4829E2}.Debug|Any CPU.ActiveCfg = Debug|Any CPU
		{EEAAFE06-2813-44B5-854C-D2B9EF4829E2}.Debug|Any CPU.Build.0 = Debug|Any CPU
		{EEAAFE06-2813-44B5-854C-D2B9EF4829E2}.Release|Any CPU.ActiveCfg = Release|Any CPU
		{EEAAFE06-2813-44B5-854C-D2B9EF4829E2}.Release|Any CPU.Build.0 = Release|Any CPU
		{EEAAFE06-2813-44B5-854C-D2B9EF4829E2}.RZLD|Any CPU.ActiveCfg = RZLD|Any CPU
		{EEAAFE06-2813-44B5-854C-D2B9EF4829E2}.RZLD|Any CPU.Build.0 = RZLD|Any CPU
		{EEAAFE06-2813-44B5-854C-D2B9EF4829E2}.SXDLHS|Any CPU.ActiveCfg = SXLDHS|Any CPU
		{EEAAFE06-2813-44B5-854C-D2B9EF4829E2}.SXDLHS|Any CPU.Build.0 = SXLDHS|Any CPU
		{82C13601-9605-488A-B889-36EE0FF4DF7B}.BJXY|Any CPU.ActiveCfg = BJXY|Any CPU
		{82C13601-9605-488A-B889-36EE0FF4DF7B}.BJXY|Any CPU.Build.0 = BJXY|Any CPU
		{82C13601-9605-488A-B889-36EE0FF4DF7B}.Debug|Any CPU.ActiveCfg = Debug|Any CPU
		{82C13601-9605-488A-B889-36EE0FF4DF7B}.Debug|Any CPU.Build.0 = Debug|Any CPU
		{82C13601-9605-488A-B889-36EE0FF4DF7B}.Release|Any CPU.ActiveCfg = Release|Any CPU
		{82C13601-9605-488A-B889-36EE0FF4DF7B}.Release|Any CPU.Build.0 = Release|Any CPU
		{82C13601-9605-488A-B889-36EE0FF4DF7B}.RZLD|Any CPU.ActiveCfg = RZLD|Any CPU
		{82C13601-9605-488A-B889-36EE0FF4DF7B}.RZLD|Any CPU.Build.0 = RZLD|Any CPU
		{82C13601-9605-488A-B889-36EE0FF4DF7B}.SXDLHS|Any CPU.ActiveCfg = SXLDHS|Any CPU
		{82C13601-9605-488A-B889-36EE0FF4DF7B}.SXDLHS|Any CPU.Build.0 = SXLDHS|Any CPU
		{B3348A7F-2738-49DC-BE33-B886A9341B74}.BJXY|Any CPU.ActiveCfg = BJXY|Any CPU
		{B3348A7F-2738-49DC-BE33-B886A9341B74}.BJXY|Any CPU.Build.0 = BJXY|Any CPU
		{B3348A7F-2738-49DC-BE33-B886A9341B74}.Debug|Any CPU.ActiveCfg = Debug|Any CPU
		{B3348A7F-2738-49DC-BE33-B886A9341B74}.Debug|Any CPU.Build.0 = Debug|Any CPU
		{B3348A7F-2738-49DC-BE33-B886A9341B74}.Release|Any CPU.ActiveCfg = Release|Any CPU
		{B3348A7F-2738-49DC-BE33-B886A9341B74}.Release|Any CPU.Build.0 = Release|Any CPU
		{B3348A7F-2738-49DC-BE33-B886A9341B74}.RZLD|Any CPU.ActiveCfg = RZLD|Any CPU
		{B3348A7F-2738-49DC-BE33-B886A9341B74}.RZLD|Any CPU.Build.0 = RZLD|Any CPU
		{B3348A7F-2738-49DC-BE33-B886A9341B74}.SXDLHS|Any CPU.ActiveCfg = SXLDHS|Any CPU
		{B3348A7F-2738-49DC-BE33-B886A9341B74}.SXDLHS|Any CPU.Build.0 = SXLDHS|Any CPU
		{220CDF69-8FEC-431D-A798-8C084193511A}.BJXY|Any CPU.ActiveCfg = BJXY|Any CPU
		{220CDF69-8FEC-431D-A798-8C084193511A}.BJXY|Any CPU.Build.0 = BJXY|Any CPU
		{220CDF69-8FEC-431D-A798-8C084193511A}.Debug|Any CPU.ActiveCfg = Debug|Any CPU
		{220CDF69-8FEC-431D-A798-8C084193511A}.Debug|Any CPU.Build.0 = Debug|Any CPU
		{220CDF69-8FEC-431D-A798-8C084193511A}.Release|Any CPU.ActiveCfg = Release|Any CPU
		{220CDF69-8FEC-431D-A798-8C084193511A}.Release|Any CPU.Build.0 = Release|Any CPU
		{220CDF69-8FEC-431D-A798-8C084193511A}.RZLD|Any CPU.ActiveCfg = RZLD|Any CPU
		{220CDF69-8FEC-431D-A798-8C084193511A}.RZLD|Any CPU.Build.0 = RZLD|Any CPU
		{220CDF69-8FEC-431D-A798-8C084193511A}.SXDLHS|Any CPU.ActiveCfg = SXLDHS|Any CPU
		{220CDF69-8FEC-431D-A798-8C084193511A}.SXDLHS|Any CPU.Build.0 = SXLDHS|Any CPU
		{33EC2815-ACBD-40C3-BA35-02999162D780}.BJXY|Any CPU.ActiveCfg = BJXY|Any CPU
		{33EC2815-ACBD-40C3-BA35-02999162D780}.BJXY|Any CPU.Build.0 = BJXY|Any CPU
		{33EC2815-ACBD-40C3-BA35-02999162D780}.Debug|Any CPU.ActiveCfg = Debug|Any CPU
		{33EC2815-ACBD-40C3-BA35-02999162D780}.Debug|Any CPU.Build.0 = Debug|Any CPU
		{33EC2815-ACBD-40C3-BA35-02999162D780}.Release|Any CPU.ActiveCfg = Release|Any CPU
		{33EC2815-ACBD-40C3-BA35-02999162D780}.Release|Any CPU.Build.0 = Release|Any CPU
		{33EC2815-ACBD-40C3-BA35-02999162D780}.RZLD|Any CPU.ActiveCfg = RZLD|Any CPU
		{33EC2815-ACBD-40C3-BA35-02999162D780}.RZLD|Any CPU.Build.0 = RZLD|Any CPU
		{33EC2815-ACBD-40C3-BA35-02999162D780}.SXDLHS|Any CPU.ActiveCfg = SXLDHS|Any CPU
		{33EC2815-ACBD-40C3-BA35-02999162D780}.SXDLHS|Any CPU.Build.0 = SXLDHS|Any CPU
		{3287D97E-8191-42E5-8892-6A6830F278F0}.BJXY|Any CPU.ActiveCfg = BJXY|Any CPU
		{3287D97E-8191-42E5-8892-6A6830F278F0}.BJXY|Any CPU.Build.0 = BJXY|Any CPU
		{3287D97E-8191-42E5-8892-6A6830F278F0}.Debug|Any CPU.ActiveCfg = Debug|Any CPU
		{3287D97E-8191-42E5-8892-6A6830F278F0}.Debug|Any CPU.Build.0 = Debug|Any CPU
		{3287D97E-8191-42E5-8892-6A6830F278F0}.Release|Any CPU.ActiveCfg = Release|Any CPU
		{3287D97E-8191-42E5-8892-6A6830F278F0}.Release|Any CPU.Build.0 = Release|Any CPU
		{3287D97E-8191-42E5-8892-6A6830F278F0}.RZLD|Any CPU.ActiveCfg = RZLD|Any CPU
		{3287D97E-8191-42E5-8892-6A6830F278F0}.RZLD|Any CPU.Build.0 = RZLD|Any CPU
		{3287D97E-8191-42E5-8892-6A6830F278F0}.SXDLHS|Any CPU.ActiveCfg = SXLDHS|Any CPU
		{3287D97E-8191-42E5-8892-6A6830F278F0}.SXDLHS|Any CPU.Build.0 = SXLDHS|Any CPU
		{351148F1-2312-46C6-8CCF-CC297862ABBE}.BJXY|Any CPU.ActiveCfg = BJXY|Any CPU
		{351148F1-2312-46C6-8CCF-CC297862ABBE}.BJXY|Any CPU.Build.0 = BJXY|Any CPU
		{351148F1-2312-46C6-8CCF-CC297862ABBE}.Debug|Any CPU.ActiveCfg = Debug|Any CPU
		{351148F1-2312-46C6-8CCF-CC297862ABBE}.Debug|Any CPU.Build.0 = Debug|Any CPU
		{351148F1-2312-46C6-8CCF-CC297862ABBE}.Release|Any CPU.ActiveCfg = Release|Any CPU
		{351148F1-2312-46C6-8CCF-CC297862ABBE}.Release|Any CPU.Build.0 = Release|Any CPU
		{351148F1-2312-46C6-8CCF-CC297862ABBE}.RZLD|Any CPU.ActiveCfg = RZLD|Any CPU
		{351148F1-2312-46C6-8CCF-CC297862ABBE}.RZLD|Any CPU.Build.0 = RZLD|Any CPU
		{351148F1-2312-46C6-8CCF-CC297862ABBE}.SXDLHS|Any CPU.ActiveCfg = SXLDHS|Any CPU
		{351148F1-2312-46C6-8CCF-CC297862ABBE}.SXDLHS|Any CPU.Build.0 = SXLDHS|Any CPU
		{D3096174-B8BA-4450-B4FB-DF8B391087A5}.BJXY|Any CPU.ActiveCfg = BJXY|Any CPU
		{D3096174-B8BA-4450-B4FB-DF8B391087A5}.BJXY|Any CPU.Build.0 = BJXY|Any CPU
		{D3096174-B8BA-4450-B4FB-DF8B391087A5}.Debug|Any CPU.ActiveCfg = Debug|Any CPU
		{D3096174-B8BA-4450-B4FB-DF8B391087A5}.Debug|Any CPU.Build.0 = Debug|Any CPU
		{D3096174-B8BA-4450-B4FB-DF8B391087A5}.Release|Any CPU.ActiveCfg = Release|Any CPU
		{D3096174-B8BA-4450-B4FB-DF8B391087A5}.Release|Any CPU.Build.0 = Release|Any CPU
		{D3096174-B8BA-4450-B4FB-DF8B391087A5}.RZLD|Any CPU.ActiveCfg = Release|Any CPU
		{D3096174-B8BA-4450-B4FB-DF8B391087A5}.RZLD|Any CPU.Build.0 = Release|Any CPU
		{D3096174-B8BA-4450-B4FB-DF8B391087A5}.SXDLHS|Any CPU.ActiveCfg = SXLDHS|Any CPU
		{D3096174-B8BA-4450-B4FB-DF8B391087A5}.SXDLHS|Any CPU.Build.0 = SXLDHS|Any CPU
		{0E1B2422-C92C-4EE7-B115-5D16C18C81F4}.BJXY|Any CPU.ActiveCfg = BJXY|Any CPU
		{0E1B2422-C92C-4EE7-B115-5D16C18C81F4}.BJXY|Any CPU.Build.0 = BJXY|Any CPU
		{0E1B2422-C92C-4EE7-B115-5D16C18C81F4}.Debug|Any CPU.ActiveCfg = Debug|Any CPU
		{0E1B2422-C92C-4EE7-B115-5D16C18C81F4}.Debug|Any CPU.Build.0 = Debug|Any CPU
		{0E1B2422-C92C-4EE7-B115-5D16C18C81F4}.Release|Any CPU.ActiveCfg = Release|Any CPU
		{0E1B2422-C92C-4EE7-B115-5D16C18C81F4}.Release|Any CPU.Build.0 = Release|Any CPU
		{0E1B2422-C92C-4EE7-B115-5D16C18C81F4}.RZLD|Any CPU.ActiveCfg = Release|Any CPU
		{0E1B2422-C92C-4EE7-B115-5D16C18C81F4}.RZLD|Any CPU.Build.0 = Release|Any CPU
		{0E1B2422-C92C-4EE7-B115-5D16C18C81F4}.SXDLHS|Any CPU.ActiveCfg = SXLDHS|Any CPU
		{0E1B2422-C92C-4EE7-B115-5D16C18C81F4}.SXDLHS|Any CPU.Build.0 = SXLDHS|Any CPU
		{3525166C-0095-400B-898B-BD69A6251A0B}.BJXY|Any CPU.ActiveCfg = BJXY|Any CPU
		{3525166C-0095-400B-898B-BD69A6251A0B}.BJXY|Any CPU.Build.0 = BJXY|Any CPU
		{3525166C-0095-400B-898B-BD69A6251A0B}.Debug|Any CPU.ActiveCfg = Debug|Any CPU
		{3525166C-0095-400B-898B-BD69A6251A0B}.Debug|Any CPU.Build.0 = Debug|Any CPU
		{3525166C-0095-400B-898B-BD69A6251A0B}.Release|Any CPU.ActiveCfg = Release|Any CPU
		{3525166C-0095-400B-898B-BD69A6251A0B}.Release|Any CPU.Build.0 = Release|Any CPU
		{3525166C-0095-400B-898B-BD69A6251A0B}.RZLD|Any CPU.ActiveCfg = Release|Any CPU
		{3525166C-0095-400B-898B-BD69A6251A0B}.RZLD|Any CPU.Build.0 = Release|Any CPU
		{3525166C-0095-400B-898B-BD69A6251A0B}.SXDLHS|Any CPU.ActiveCfg = SXLDHS|Any CPU
		{3525166C-0095-400B-898B-BD69A6251A0B}.SXDLHS|Any CPU.Build.0 = SXLDHS|Any CPU
		{0EC950C1-41B7-452E-A3F3-3CA64DDE8059}.BJXY|Any CPU.ActiveCfg = BJXY|Any CPU
		{0EC950C1-41B7-452E-A3F3-3CA64DDE8059}.BJXY|Any CPU.Build.0 = BJXY|Any CPU
		{0EC950C1-41B7-452E-A3F3-3CA64DDE8059}.Debug|Any CPU.ActiveCfg = Debug|Any CPU
		{0EC950C1-41B7-452E-A3F3-3CA64DDE8059}.Debug|Any CPU.Build.0 = Debug|Any CPU
		{0EC950C1-41B7-452E-A3F3-3CA64DDE8059}.Release|Any CPU.ActiveCfg = Release|Any CPU
		{0EC950C1-41B7-452E-A3F3-3CA64DDE8059}.Release|Any CPU.Build.0 = Release|Any CPU
		{0EC950C1-41B7-452E-A3F3-3CA64DDE8059}.RZLD|Any CPU.ActiveCfg = Release|Any CPU
		{0EC950C1-41B7-452E-A3F3-3CA64DDE8059}.RZLD|Any CPU.Build.0 = Release|Any CPU
		{0EC950C1-41B7-452E-A3F3-3CA64DDE8059}.SXDLHS|Any CPU.ActiveCfg = SXLDHS|Any CPU
		{0EC950C1-41B7-452E-A3F3-3CA64DDE8059}.SXDLHS|Any CPU.Build.0 = SXLDHS|Any CPU
	EndGlobalSection
	GlobalSection(SolutionProperties) = preSolution
		HideSolutionNode = FALSE
	EndGlobalSection
	GlobalSection(NestedProjects) = preSolution
		{520F925D-2EF3-4732-83B3-227404A8E149} = {1D6B787E-5AD4-4418-8701-3152938452A1}
		{FB055D44-1978-489D-A23F-7CC4A4FFE631} = {1D6B787E-5AD4-4418-8701-3152938452A1}
		{EEAAFE06-2813-44B5-854C-D2B9EF4829E2} = {C28F8A28-3C09-465F-9E02-E7DD8090489E}
		{82C13601-9605-488A-B889-36EE0FF4DF7B} = {C28F8A28-3C09-465F-9E02-E7DD8090489E}
		{B3348A7F-2738-49DC-BE33-B886A9341B74} = {F8D779ED-8B16-4EAC-A1BE-41844818F5C6}
		{DB574D47-83E5-488D-BD73-A54AD67F29B8} = {23891991-FE0B-4E2D-A057-65A675F4BEC6}
		{B9F16165-7112-4820-ABAA-678B62EC1B4E} = {23891991-FE0B-4E2D-A057-65A675F4BEC6}
		{220CDF69-8FEC-431D-A798-8C084193511A} = {DB574D47-83E5-488D-BD73-A54AD67F29B8}
		{33EC2815-ACBD-40C3-BA35-02999162D780} = {B9F16165-7112-4820-ABAA-678B62EC1B4E}
		{3287D97E-8191-42E5-8892-6A6830F278F0} = {C28F8A28-3C09-465F-9E02-E7DD8090489E}
		{351148F1-2312-46C6-8CCF-CC297862ABBE} = {CCB4E3F6-7E05-41DC-A476-2AF9C984E477}
		{2ACC1CAD-2949-4F37-8543-3C4C8703267B} = {70D3C5E1-98FE-406D-890B-51A380A00BD3}
		{D3096174-B8BA-4450-B4FB-DF8B391087A5} = {2ACC1CAD-2949-4F37-8543-3C4C8703267B}
		{817BA1AD-FDDB-40FB-AF22-90791255FA02} = {23891991-FE0B-4E2D-A057-65A675F4BEC6}
		{0E1B2422-C92C-4EE7-B115-5D16C18C81F4} = {817BA1AD-FDDB-40FB-AF22-90791255FA02}
		{3525166C-0095-400B-898B-BD69A6251A0B} = {C4396212-99E5-4D09-8FDF-7AFBDB1CFD43}
		{C4396212-99E5-4D09-8FDF-7AFBDB1CFD43} = {70D3C5E1-98FE-406D-890B-51A380A00BD3}
		{04A31C74-ADE9-49F8-BB24-D0357D75D871} = {70D3C5E1-98FE-406D-890B-51A380A00BD3}
		{0EC950C1-41B7-452E-A3F3-3CA64DDE8059} = {04A31C74-ADE9-49F8-BB24-D0357D75D871}
		{D1A908EE-2220-4987-BF17-ACB0698A6A61} = {70D3C5E1-98FE-406D-890B-51A380A00BD3}
	EndGlobalSection
EndGlobal
